{
  "originHash" : "4dadd8ba9a0aeed3c9c36de035f785c37cb940c90ef7e1b1094b2a57f7fb39a5",
  "pins" : [
    {
      "identity" : "alamofire",
      "kind" : "remoteSourceControl",
      "location" : "https://github.com/Alamofire/Alamofire.git",
      "state" : {
        "revision" : "513364f870f6bfc468f9d2ff0a95caccc10044c5",
        "version" : "5.10.2"
      }
    },
    {
      "identity" : "pinlayout",
      "kind" : "remoteSourceControl",
      "location" : "https://github.com/layoutBox/PinLayout",
      "state" : {
        "revision" : "72f5300042618340df21500f6c4ce71bb78b93e1",
        "version" : "1.10.6"
      }
    },
    {
      "identity" : "sdwebimage",
      "kind" : "remoteSourceControl",
      "location" : "https://github.com/SDWebImage/SDWebImage.git",
      "state" : {
        "revision" : "34cf2423a2c4088d06a3b08655603b5bc3eeeb3a",
        "version" : "5.21.2"
      }
    }
  ],
  "version" : 3
}
