// !$*UTF8*$!
{
	archiveVersion = 1;
	classes = {
	};
	objectVersion = 77;
	objects = {

/* Begin PBXBuildFile section */
		1F5C88272E781988001DF926 /* SDWebImage in Frameworks */ = {isa = PBXBuildFile; productRef = 1F5C88262E781988001DF926 /* SDWebImage */; };
		1F9812822E675D6500658B88 /* Alamofire in Frameworks */ = {isa = PBXBuildFile; productRef = 1F9812812E675D6500658B88 /* Alamofire */; };
		1F9815A92E678CFA00658B88 /* PinLayout in Frameworks */ = {isa = PBXBuildFile; productRef = 1F9815A82E678CFA00658B88 /* PinLayout */; };
		1FCE1E322EB9104800BC0F11 /* SkeletonView in Frameworks */ = {isa = PBXBuildFile; productRef = 1FCE1E312EB9104800BC0F11 /* SkeletonView */; };
/* End PBXBuildFile section */

/* Begin PBXContainerItemProxy section */
		1F9811EF2E66E07600658B88 /* PBXContainerItemProxy */ = {
			isa = PBXContainerItemProxy;
			containerPortal = 1F9811CD2E66E07400658B88 /* Project object */;
			proxyType = 1;
			remoteGlobalIDString = 1F9811D42E66E07400658B88;
			remoteInfo = DiplomSF;
		};
		1F9811F92E66E07600658B88 /* PBXContainerItemProxy */ = {
			isa = PBXContainerItemProxy;
			containerPortal = 1F9811CD2E66E07400658B88 /* Project object */;
			proxyType = 1;
			remoteGlobalIDString = 1F9811D42E66E07400658B88;
			remoteInfo = DiplomSF;
		};
/* End PBXContainerItemProxy section */

/* Begin PBXFileReference section */
		1F9811D52E66E07400658B88 /* DiplomSF.app */ = {isa = PBXFileReference; explicitFileType = wrapper.application; includeInIndex = 0; path = DiplomSF.app; sourceTree = BUILT_PRODUCTS_DIR; };
		1F9811EE2E66E07600658B88 /* DiplomSFTests.xctest */ = {isa = PBXFileReference; explicitFileType = wrapper.cfbundle; includeInIndex = 0; path = DiplomSFTests.xctest; sourceTree = BUILT_PRODUCTS_DIR; };
		1F9811F82E66E07600658B88 /* DiplomSFUITests.xctest */ = {isa = PBXFileReference; explicitFileType = wrapper.cfbundle; includeInIndex = 0; path = DiplomSFUITests.xctest; sourceTree = BUILT_PRODUCTS_DIR; };
/* End PBXFileReference section */

/* Begin PBXFileSystemSynchronizedBuildFileExceptionSet section */
		1F9812002E66E07600658B88 /* Exceptions for "DiplomSF" folder in "DiplomSF" target */ = {
			isa = PBXFileSystemSynchronizedBuildFileExceptionSet;
			membershipExceptions = (
				"Supporting Files/Info.plist",
			);
			target = 1F9811D42E66E07400658B88 /* DiplomSF */;
		};
/* End PBXFileSystemSynchronizedBuildFileExceptionSet section */

/* Begin PBXFileSystemSynchronizedRootGroup section */
		1F9811D72E66E07400658B88 /* DiplomSF */ = {
			isa = PBXFileSystemSynchronizedRootGroup;
			exceptions = (
				1F9812002E66E07600658B88 /* Exceptions for "DiplomSF" folder in "DiplomSF" target */,
			);
			path = DiplomSF;
			sourceTree = "<group>";
		};
		1F9811F12E66E07600658B88 /* DiplomSFTests */ = {
			isa = PBXFileSystemSynchronizedRootGroup;
			path = DiplomSFTests;
			sourceTree = "<group>";
		};
		1F9811FB2E66E07600658B88 /* DiplomSFUITests */ = {
			isa = PBXFileSystemSynchronizedRootGroup;
			path = DiplomSFUITests;
			sourceTree = "<group>";
		};
/* End PBXFileSystemSynchronizedRootGroup section */

/* Begin PBXFrameworksBuildPhase section */
		1F9811D22E66E07400658B88 /* Frameworks */ = {
			isa = PBXFrameworksBuildPhase;
			buildActionMask = 2147483647;
			files = (
				1FCE1E322EB9104800BC0F11 /* SkeletonView in Frameworks */,
				1F5C88272E781988001DF926 /* SDWebImage in Frameworks */,
				1F9815A92E678CFA00658B88 /* PinLayout in Frameworks */,
				1F9812822E675D6500658B88 /* Alamofire in Frameworks */,
			);
			runOnlyForDeploymentPostprocessing = 0;
		};
		1F9811EB2E66E07600658B88 /* Frameworks */ = {
			isa = PBXFrameworksBuildPhase;
			buildActionMask = 2147483647;
			files = (
			);
			runOnlyForDeploymentPostprocessing = 0;
		};
		1F9811F52E66E07600658B88 /* Frameworks */ = {
			isa = PBXFrameworksBuildPhase;
			buildActionMask = 2147483647;
			files = (
			);
			runOnlyForDeploymentPostprocessing = 0;
		};
/* End PBXFrameworksBuildPhase section */

/* Begin PBXGroup section */
		1F9811CC2E66E07400658B88 = {
			isa = PBXGroup;
			children = (
				1F9811D72E66E07400658B88 /* DiplomSF */,
				1F9811F12E66E07600658B88 /* DiplomSFTests */,
				1F9811FB2E66E07600658B88 /* DiplomSFUITests */,
				1F9811D62E66E07400658B88 /* Products */,
			);
			sourceTree = "<group>";
		};
		1F9811D62E66E07400658B88 /* Products */ = {
			isa = PBXGroup;
			children = (
				1F9811D52E66E07400658B88 /* DiplomSF.app */,
				1F9811EE2E66E07600658B88 /* DiplomSFTests.xctest */,
				1F9811F82E66E07600658B88 /* DiplomSFUITests.xctest */,
			);
			name = Products;
			sourceTree = "<group>";
		};
/* End PBXGroup section */

/* Begin PBXNativeTarget section */
		1F9811D42E66E07400658B88 /* DiplomSF */ = {
			isa = PBXNativeTarget;
			buildConfigurationList = 1F9812012E66E07600658B88 /* Build configuration list for PBXNativeTarget "DiplomSF" */;
			buildPhases = (
				1F9811D12E66E07400658B88 /* Sources */,
				1F9811D22E66E07400658B88 /* Frameworks */,
				1F9811D32E66E07400658B88 /* Resources */,
			);
			buildRules = (
			);
			dependencies = (
			);
			fileSystemSynchronizedGroups = (
				1F9811D72E66E07400658B88 /* DiplomSF */,
			);
			name = DiplomSF;
			packageProductDependencies = (
				1F9812812E675D6500658B88 /* Alamofire */,
				1F9815A82E678CFA00658B88 /* PinLayout */,
				1F5C88262E781988001DF926 /* SDWebImage */,
				1FCE1E312EB9104800BC0F11 /* SkeletonView */,
			);
			productName = DiplomSF;
			productReference = 1F9811D52E66E07400658B88 /* DiplomSF.app */;
			productType = "com.apple.product-type.application";
		};
		1F9811ED2E66E07600658B88 /* DiplomSFTests */ = {
			isa = PBXNativeTarget;
			buildConfigurationList = 1F9812062E66E07600658B88 /* Build configuration list for PBXNativeTarget "DiplomSFTests" */;
			buildPhases = (
				1F9811EA2E66E07600658B88 /* Sources */,
				1F9811EB2E66E07600658B88 /* Frameworks */,
				1F9811EC2E66E07600658B88 /* Resources */,
			);
			buildRules = (
			);
			dependencies = (
				1F9811F02E66E07600658B88 /* PBXTargetDependency */,
			);
			fileSystemSynchronizedGroups = (
				1F9811F12E66E07600658B88 /* DiplomSFTests */,
			);
			name = DiplomSFTests;
			packageProductDependencies = (
			);
			productName = DiplomSFTests;
			productReference = 1F9811EE2E66E07600658B88 /* DiplomSFTests.xctest */;
			productType = "com.apple.product-type.bundle.unit-test";
		};
		1F9811F72E66E07600658B88 /* DiplomSFUITests */ = {
			isa = PBXNativeTarget;
			buildConfigurationList = 1F9812092E66E07600658B88 /* Build configuration list for PBXNativeTarget "DiplomSFUITests" */;
			buildPhases = (
				1F9811F42E66E07600658B88 /* Sources */,
				1F9811F52E66E07600658B88 /* Frameworks */,
				1F9811F62E66E07600658B88 /* Resources */,
			);
			buildRules = (
			);
			dependencies = (
				1F9811FA2E66E07600658B88 /* PBXTargetDependency */,
			);
			fileSystemSynchronizedGroups = (
				1F9811FB2E66E07600658B88 /* DiplomSFUITests */,
			);
			name = DiplomSFUITests;
			packageProductDependencies = (
			);
			productName = DiplomSFUITests;
			productReference = 1F9811F82E66E07600658B88 /* DiplomSFUITests.xctest */;
			productType = "com.apple.product-type.bundle.ui-testing";
		};
/* End PBXNativeTarget section */

/* Begin PBXProject section */
		1F9811CD2E66E07400658B88 /* Project object */ = {
			isa = PBXProject;
			attributes = {
				BuildIndependentTargetsInParallel = 1;
				LastSwiftUpdateCheck = 1620;
				LastUpgradeCheck = 1620;
				TargetAttributes = {
					1F9811D42E66E07400658B88 = {
						CreatedOnToolsVersion = 16.2;
					};
					1F9811ED2E66E07600658B88 = {
						CreatedOnToolsVersion = 16.2;
						TestTargetID = 1F9811D42E66E07400658B88;
					};
					1F9811F72E66E07600658B88 = {
						CreatedOnToolsVersion = 16.2;
						TestTargetID = 1F9811D42E66E07400658B88;
					};
				};
			};
			buildConfigurationList = 1F9811D02E66E07400658B88 /* Build configuration list for PBXProject "DiplomSF" */;
			developmentRegion = en;
			hasScannedForEncodings = 0;
			knownRegions = (
				en,
				Base,
			);
			mainGroup = 1F9811CC2E66E07400658B88;
			minimizedProjectReferenceProxies = 1;
			packageReferences = (
				1F9812802E675D6500658B88 /* XCRemoteSwiftPackageReference "Alamofire" */,
				1F9815A72E678CFA00658B88 /* XCRemoteSwiftPackageReference "PinLayout" */,
				1F5C88252E781988001DF926 /* XCRemoteSwiftPackageReference "SDWebImage" */,
				1FCE1E302EB9104800BC0F11 /* XCRemoteSwiftPackageReference "SkeletonView" */,
			);
			preferredProjectObjectVersion = 77;
			productRefGroup = 1F9811D62E66E07400658B88 /* Products */;
			projectDirPath = "";
			projectRoot = "";
			targets = (
				1F9811D42E66E07400658B88 /* DiplomSF */,
				1F9811ED2E66E07600658B88 /* DiplomSFTests */,
				1F9811F72E66E07600658B88 /* DiplomSFUITests */,
			);
		};
/* End PBXProject section */

/* Begin PBXResourcesBuildPhase section */
		1F9811D32E66E07400658B88 /* Resources */ = {
			isa = PBXResourcesBuildPhase;
			buildActionMask = 2147483647;
			files = (
			);
			runOnlyForDeploymentPostprocessing = 0;
		};
		1F9811EC2E66E07600658B88 /* Resources */ = {
			isa = PBXResourcesBuildPhase;
			buildActionMask = 2147483647;
			files = (
			);
			runOnlyForDeploymentPostprocessing = 0;
		};
		1F9811F62E66E07600658B88 /* Resources */ = {
			isa = PBXResourcesBuildPhase;
			buildActionMask = 2147483647;
			files = (
			);
			runOnlyForDeploymentPostprocessing = 0;
		};
/* End PBXResourcesBuildPhase section */

/* Begin PBXSourcesBuildPhase section */
		1F9811D12E66E07400658B88 /* Sources */ = {
			isa = PBXSourcesBuildPhase;
			buildActionMask = 2147483647;
			files = (
			);
			runOnlyForDeploymentPostprocessing = 0;
		};
		1F9811EA2E66E07600658B88 /* Sources */ = {
			isa = PBXSourcesBuildPhase;
			buildActionMask = 2147483647;
			files = (
			);
			runOnlyForDeploymentPostprocessing = 0;
		};
		1F9811F42E66E07600658B88 /* Sources */ = {
			isa = PBXSourcesBuildPhase;
			buildActionMask = 2147483647;
			files = (
			);
			runOnlyForDeploymentPostprocessing = 0;
		};
/* End PBXSourcesBuildPhase section */

/* Begin PBXTargetDependency section */
		1F9811F02E66E07600658B88 /* PBXTargetDependency */ = {
			isa = PBXTargetDependency;
			target = 1F9811D42E66E07400658B88 /* DiplomSF */;
			targetProxy = 1F9811EF2E66E07600658B88 /* PBXContainerItemProxy */;
		};
		1F9811FA2E66E07600658B88 /* PBXTargetDependency */ = {
			isa = PBXTargetDependency;
			target = 1F9811D42E66E07400658B88 /* DiplomSF */;
			targetProxy = 1F9811F92E66E07600658B88 /* PBXContainerItemProxy */;
		};
/* End PBXTargetDependency section */

/* Begin XCBuildConfiguration section */
		1F9812022E66E07600658B88 /* Debug */ = {
			isa = XCBuildConfiguration;
			buildSettings = {
				ASSETCATALOG_COMPILER_APPICON_NAME = AppIcon;
				ASSETCATALOG_COMPILER_GLOBAL_ACCENT_COLOR_NAME = AccentColor;
				CODE_SIGN_STYLE = Automatic;
				CURRENT_PROJECT_VERSION = 1;
				GENERATE_INFOPLIST_FILE = YES;
				INFOPLIST_FILE = "DiplomSF/Supporting Files/Info.plist";
				INFOPLIST_KEY_UIApplicationSupportsIndirectInputEvents = YES;
				INFOPLIST_KEY_UILaunchStoryboardName = LaunchScreen;
				INFOPLIST_KEY_UISupportedInterfaceOrientations_iPad = "UIInterfaceOrientationPortrait UIInterfaceOrientationPortraitUpsideDown UIInterfaceOrientationLandscapeLeft UIInterfaceOrientationLandscapeRight";
				INFOPLIST_KEY_UISupportedInterfaceOrientations_iPhone = "UIInterfaceOrientationPortrait UIInterfaceOrientationLandscapeLeft UIInterfaceOrientationLandscapeRight";
				LD_RUNPATH_SEARCH_PATHS = (
					"$(inherited)",
					"@executable_path/Frameworks",
				);
				MARKETING_VERSION = 1.0;
				PRODUCT_BUNDLE_IDENTIFIER = com.example.DiplomSF;
				PRODUCT_NAME = "$(TARGET_NAME)";
				SWIFT_EMIT_LOC_STRINGS = YES;
				SWIFT_VERSION = 5.0;
				TARGETED_DEVICE_FAMILY = "1,2";
			};
			name = Debug;
		};
		1F9812032E66E07600658B88 /* Release */ = {
			isa = XCBuildConfiguration;
			buildSettings = {
				ASSETCATALOG_COMPILER_APPICON_NAME = AppIcon;
				ASSETCATALOG_COMPILER_GLOBAL_ACCENT_COLOR_NAME = AccentColor;
				CODE_SIGN_STYLE = Automatic;
				CURRENT_PROJECT_VERSION = 1;
				GENERATE_INFOPLIST_FILE = YES;
				INFOPLIST_FILE = "DiplomSF/Supporting Files/Info.plist";
				INFOPLIST_KEY_UIApplicationSupportsIndirectInputEvents = YES;
				INFOPLIST_KEY_UILaunchStoryboardName = LaunchScreen;
				INFOPLIST_KEY_UISupportedInterfaceOrientations_iPad = "UIInterfaceOrientationPortrait UIInterfaceOrientationPortraitUpsideDown UIInterfaceOrientationLandscapeLeft UIInterfaceOrientationLandscapeRight";
				INFOPLIST_KEY_UISupportedInterfaceOrientations_iPhone = "UIInterfaceOrientationPortrait UIInterfaceOrientationLandscapeLeft UIInterfaceOrientationLandscapeRight";
				LD_RUNPATH_SEARCH_PATHS = (
					"$(inherited)",
					"@executable_path/Frameworks",
				);
				MARKETING_VERSION = 1.0;
				PRODUCT_BUNDLE_IDENTIFIER = com.example.DiplomSF;
				PRODUCT_NAME = "$(TARGET_NAME)";
				SWIFT_EMIT_LOC_STRINGS = YES;
				SWIFT_VERSION = 5.0;
				TARGETED_DEVICE_FAMILY = "1,2";
			};
			name = Release;
		};
		1F9812042E66E07600658B88 /* Debug */ = {
			isa = XCBuildConfiguration;
			buildSettings = {
				ALWAYS_SEARCH_USER_PATHS = NO;
				ASSETCATALOG_COMPILER_GENERATE_SWIFT_ASSET_SYMBOL_EXTENSIONS = YES;
				CLANG_ANALYZER_NONNULL = YES;
				CLANG_ANALYZER_NUMBER_OBJECT_CONVERSION = YES_AGGRESSIVE;
				CLANG_CXX_LANGUAGE_STANDARD = "gnu++20";
				CLANG_ENABLE_MODULES = YES;
				CLANG_ENABLE_OBJC_ARC = YES;
				CLANG_ENABLE_OBJC_WEAK = YES;
				CLANG_WARN_BLOCK_CAPTURE_AUTORELEASING = YES;
				CLANG_WARN_BOOL_CONVERSION = YES;
				CLANG_WARN_COMMA = YES;
				CLANG_WARN_CONSTANT_CONVERSION = YES;
				CLANG_WARN_DEPRECATED_OBJC_IMPLEMENTATIONS = YES;
				CLANG_WARN_DIRECT_OBJC_ISA_USAGE = YES_ERROR;
				CLANG_WARN_DOCUMENTATION_COMMENTS = YES;
				CLANG_WARN_EMPTY_BODY = YES;
				CLANG_WARN_ENUM_CONVERSION = YES;
				CLANG_WARN_INFINITE_RECURSION = YES;
				CLANG_WARN_INT_CONVERSION = YES;
				CLANG_WARN_NON_LITERAL_NULL_CONVERSION = YES;
				CLANG_WARN_OBJC_IMPLICIT_RETAIN_SELF = YES;
				CLANG_WARN_OBJC_LITERAL_CONVERSION = YES;
				CLANG_WARN_OBJC_ROOT_CLASS = YES_ERROR;
				CLANG_WARN_QUOTED_INCLUDE_IN_FRAMEWORK_HEADER = YES;
				CLANG_WARN_RANGE_LOOP_ANALYSIS = YES;
				CLANG_WARN_STRICT_PROTOTYPES = YES;
				CLANG_WARN_SUSPICIOUS_MOVE = YES;
				CLANG_WARN_UNGUARDED_AVAILABILITY = YES_AGGRESSIVE;
				CLANG_WARN_UNREACHABLE_CODE = YES;
				CLANG_WARN__DUPLICATE_METHOD_MATCH = YES;
				COPY_PHASE_STRIP = NO;
				DEBUG_INFORMATION_FORMAT = dwarf;
				ENABLE_STRICT_OBJC_MSGSEND = YES;
				ENABLE_TESTABILITY = YES;
				ENABLE_USER_SCRIPT_SANDBOXING = YES;
				GCC_C_LANGUAGE_STANDARD = gnu17;
				GCC_DYNAMIC_NO_PIC = NO;
				GCC_NO_COMMON_BLOCKS = YES;
				GCC_OPTIMIZATION_LEVEL = 0;
				GCC_PREPROCESSOR_DEFINITIONS = (
					"DEBUG=1",
					"$(inherited)",
				);
				GCC_WARN_64_TO_32_BIT_CONVERSION = YES;
				GCC_WARN_ABOUT_RETURN_TYPE = YES_ERROR;
				GCC_WARN_UNDECLARED_SELECTOR = YES;
				GCC_WARN_UNINITIALIZED_AUTOS = YES_AGGRESSIVE;
				GCC_WARN_UNUSED_FUNCTION = YES;
				GCC_WARN_UNUSED_VARIABLE = YES;
				IPHONEOS_DEPLOYMENT_TARGET = 18.2;
				LOCALIZATION_PREFERS_STRING_CATALOGS = YES;
				MTL_ENABLE_DEBUG_INFO = INCLUDE_SOURCE;
				MTL_FAST_MATH = YES;
				ONLY_ACTIVE_ARCH = YES;
				SDKROOT = iphoneos;
				SWIFT_ACTIVE_COMPILATION_CONDITIONS = "DEBUG $(inherited)";
				SWIFT_OPTIMIZATION_LEVEL = "-Onone";
			};
			name = Debug;
		};
		1F9812052E66E07600658B88 /* Release */ = {
			isa = XCBuildConfiguration;
			buildSettings = {
				ALWAYS_SEARCH_USER_PATHS = NO;
				ASSETCATALOG_COMPILER_GENERATE_SWIFT_ASSET_SYMBOL_EXTENSIONS = YES;
				CLANG_ANALYZER_NONNULL = YES;
				CLANG_ANALYZER_NUMBER_OBJECT_CONVERSION = YES_AGGRESSIVE;
				CLANG_CXX_LANGUAGE_STANDARD = "gnu++20";
				CLANG_ENABLE_MODULES = YES;
				CLANG_ENABLE_OBJC_ARC = YES;
				CLANG_ENABLE_OBJC_WEAK = YES;
				CLANG_WARN_BLOCK_CAPTURE_AUTORELEASING = YES;
				CLANG_WARN_BOOL_CONVERSION = YES;
				CLANG_WARN_COMMA = YES;
				CLANG_WARN_CONSTANT_CONVERSION = YES;
				CLANG_WARN_DEPRECATED_OBJC_IMPLEMENTATIONS = YES;
				CLANG_WARN_DIRECT_OBJC_ISA_USAGE = YES_ERROR;
				CLANG_WARN_DOCUMENTATION_COMMENTS = YES;
				CLANG_WARN_EMPTY_BODY = YES;
				CLANG_WARN_ENUM_CONVERSION = YES;
				CLANG_WARN_INFINITE_RECURSION = YES;
				CLANG_WARN_INT_CONVERSION = YES;
				CLANG_WARN_NON_LITERAL_NULL_CONVERSION = YES;
				CLANG_WARN_OBJC_IMPLICIT_RETAIN_SELF = YES;
				CLANG_WARN_OBJC_LITERAL_CONVERSION = YES;
				CLANG_WARN_OBJC_ROOT_CLASS = YES_ERROR;
				CLANG_WARN_QUOTED_INCLUDE_IN_FRAMEWORK_HEADER = YES;
				CLANG_WARN_RANGE_LOOP_ANALYSIS = YES;
				CLANG_WARN_STRICT_PROTOTYPES = YES;
				CLANG_WARN_SUSPICIOUS_MOVE = YES;
				CLANG_WARN_UNGUARDED_AVAILABILITY = YES_AGGRESSIVE;
				CLANG_WARN_UNREACHABLE_CODE = YES;
				CLANG_WARN__DUPLICATE_METHOD_MATCH = YES;
				COPY_PHASE_STRIP = NO;
				DEBUG_INFORMATION_FORMAT = "dwarf-with-dsym";
				ENABLE_NS_ASSERTIONS = NO;
				ENABLE_STRICT_OBJC_MSGSEND = YES;
				ENABLE_USER_SCRIPT_SANDBOXING = YES;
				GCC_C_LANGUAGE_STANDARD = gnu17;
				GCC_NO_COMMON_BLOCKS = YES;
				GCC_WARN_64_TO_32_BIT_CONVERSION = YES;
				GCC_WARN_ABOUT_RETURN_TYPE = YES_ERROR;
				GCC_WARN_UNDECLARED_SELECTOR = YES;
				GCC_WARN_UNINITIALIZED_AUTOS = YES_AGGRESSIVE;
				GCC_WARN_UNUSED_FUNCTION = YES;
				GCC_WARN_UNUSED_VARIABLE = YES;
				IPHONEOS_DEPLOYMENT_TARGET = 18.2;
				LOCALIZATION_PREFERS_STRING_CATALOGS = YES;
				MTL_ENABLE_DEBUG_INFO = NO;
				MTL_FAST_MATH = YES;
				SDKROOT = iphoneos;
				SWIFT_COMPILATION_MODE = wholemodule;
				VALIDATE_PRODUCT = YES;
			};
			name = Release;
		};
		1F9812072E66E07600658B88 /* Debug */ = {
			isa = XCBuildConfiguration;
			buildSettings = {
				BUNDLE_LOADER = "$(TEST_HOST)";
				CODE_SIGN_STYLE = Automatic;
				CURRENT_PROJECT_VERSION = 1;
				GENERATE_INFOPLIST_FILE = YES;
				IPHONEOS_DEPLOYMENT_TARGET = 18.2;
				MARKETING_VERSION = 1.0;
				PRODUCT_BUNDLE_IDENTIFIER = com.example.DiplomSFTests;
				PRODUCT_NAME = "$(TARGET_NAME)";
				SWIFT_EMIT_LOC_STRINGS = NO;
				SWIFT_VERSION = 5.0;
				TARGETED_DEVICE_FAMILY = "1,2";
				TEST_HOST = "$(BUILT_PRODUCTS_DIR)/DiplomSF.app/$(BUNDLE_EXECUTABLE_FOLDER_PATH)/DiplomSF";
			};
			name = Debug;
		};
		1F9812082E66E07600658B88 /* Release */ = {
			isa = XCBuildConfiguration;
			buildSettings = {
				BUNDLE_LOADER = "$(TEST_HOST)";
				CODE_SIGN_STYLE = Automatic;
				CURRENT_PROJECT_VERSION = 1;
				GENERATE_INFOPLIST_FILE = YES;
				IPHONEOS_DEPLOYMENT_TARGET = 18.2;
				MARKETING_VERSION = 1.0;
				PRODUCT_BUNDLE_IDENTIFIER = com.example.DiplomSFTests;
				PRODUCT_NAME = "$(TARGET_NAME)";
				SWIFT_EMIT_LOC_STRINGS = NO;
				SWIFT_VERSION = 5.0;
				TARGETED_DEVICE_FAMILY = "1,2";
				TEST_HOST = "$(BUILT_PRODUCTS_DIR)/DiplomSF.app/$(BUNDLE_EXECUTABLE_FOLDER_PATH)/DiplomSF";
			};
			name = Release;
		};
		1F98120A2E66E07600658B88 /* Debug */ = {
			isa = XCBuildConfiguration;
			buildSettings = {
				CODE_SIGN_STYLE = Automatic;
				CURRENT_PROJECT_VERSION = 1;
				GENERATE_INFOPLIST_FILE = YES;
				MARKETING_VERSION = 1.0;
				PRODUCT_BUNDLE_IDENTIFIER = com.example.DiplomSFUITests;
				PRODUCT_NAME = "$(TARGET_NAME)";
				SWIFT_EMIT_LOC_STRINGS = NO;
				SWIFT_VERSION = 5.0;
				TARGETED_DEVICE_FAMILY = "1,2";
				TEST_TARGET_NAME = DiplomSF;
			};
			name = Debug;
		};
		1F98120B2E66E07600658B88 /* Release */ = {
			isa = XCBuildConfiguration;
			buildSettings = {
				CODE_SIGN_STYLE = Automatic;
				CURRENT_PROJECT_VERSION = 1;
				GENERATE_INFOPLIST_FILE = YES;
				MARKETING_VERSION = 1.0;
				PRODUCT_BUNDLE_IDENTIFIER = com.example.DiplomSFUITests;
				PRODUCT_NAME = "$(TARGET_NAME)";
				SWIFT_EMIT_LOC_STRINGS = NO;
				SWIFT_VERSION = 5.0;
				TARGETED_DEVICE_FAMILY = "1,2";
				TEST_TARGET_NAME = DiplomSF;
			};
			name = Release;
		};
/* End XCBuildConfiguration section */

/* Begin XCConfigurationList section */
		1F9811D02E66E07400658B88 /* Build configuration list for PBXProject "DiplomSF" */ = {
			isa = XCConfigurationList;
			buildConfigurations = (
				1F9812042E66E07600658B88 /* Debug */,
				1F9812052E66E07600658B88 /* Release */,
			);
			defaultConfigurationIsVisible = 0;
			defaultConfigurationName = Release;
		};
		1F9812012E66E07600658B88 /* Build configuration list for PBXNativeTarget "DiplomSF" */ = {
			isa = XCConfigurationList;
			buildConfigurations = (
				1F9812022E66E07600658B88 /* Debug */,
				1F9812032E66E07600658B88 /* Release */,
			);
			defaultConfigurationIsVisible = 0;
			defaultConfigurationName = Release;
		};
		1F9812062E66E07600658B88 /* Build configuration list for PBXNativeTarget "DiplomSFTests" */ = {
			isa = XCConfigurationList;
			buildConfigurations = (
				1F9812072E66E07600658B88 /* Debug */,
				1F9812082E66E07600658B88 /* Release */,
			);
			defaultConfigurationIsVisible = 0;
			defaultConfigurationName = Release;
		};
		1F9812092E66E07600658B88 /* Build configuration list for PBXNativeTarget "DiplomSFUITests" */ = {
			isa = XCConfigurationList;
			buildConfigurations = (
				1F98120A2E66E07600658B88 /* Debug */,
				1F98120B2E66E07600658B88 /* Release */,
			);
			defaultConfigurationIsVisible = 0;
			defaultConfigurationName = Release;
		};
/* End XCConfigurationList section */

/* Begin XCRemoteSwiftPackageReference section */
		1F5C88252E781988001DF926 /* XCRemoteSwiftPackageReference "SDWebImage" */ = {
			isa = XCRemoteSwiftPackageReference;
			repositoryURL = "https://github.com/SDWebImage/SDWebImage.git";
			requirement = {
				kind = upToNextMajorVersion;
				minimumVersion = 5.21.2;
			};
		};
		1F9812802E675D6500658B88 /* XCRemoteSwiftPackageReference "Alamofire" */ = {
			isa = XCRemoteSwiftPackageReference;
			repositoryURL = "https://github.com/Alamofire/Alamofire.git";
			requirement = {
				kind = upToNextMajorVersion;
				minimumVersion = 5.10.2;
			};
		};
		1F9815A72E678CFA00658B88 /* XCRemoteSwiftPackageReference "PinLayout" */ = {
			isa = XCRemoteSwiftPackageReference;
			repositoryURL = "https://github.com/layoutBox/PinLayout";
			requirement = {
				kind = upToNextMajorVersion;
				minimumVersion = 1.10.6;
			};
		};
		1FCE1E302EB9104800BC0F11 /* XCRemoteSwiftPackageReference "SkeletonView" */ = {
			isa = XCRemoteSwiftPackageReference;
			repositoryURL = "https://github.com/Juanpe/SkeletonView.git";
			requirement = {
				kind = upToNextMajorVersion;
				minimumVersion = 1.31.0;
			};
		};
/* End XCRemoteSwiftPackageReference section */

/* Begin XCSwiftPackageProductDependency section */
		1F5C88262E781988001DF926 /* SDWebImage */ = {
			isa = XCSwiftPackageProductDependency;
			package = 1F5C88252E781988001DF926 /* XCRemoteSwiftPackageReference "SDWebImage" */;
			productName = SDWebImage;
		};
		1F9812812E675D6500658B88 /* Alamofire */ = {
			isa = XCSwiftPackageProductDependency;
			package = 1F9812802E675D6500658B88 /* XCRemoteSwiftPackageReference "Alamofire" */;
			productName = Alamofire;
		};
		1F9815A82E678CFA00658B88 /* PinLayout */ = {
			isa = XCSwiftPackageProductDependency;
			package = 1F9815A72E678CFA00658B88 /* XCRemoteSwiftPackageReference "PinLayout" */;
			productName = PinLayout;
		};
		1FCE1E312EB9104800BC0F11 /* SkeletonView */ = {
			isa = XCSwiftPackageProductDependency;
			package = 1FCE1E302EB9104800BC0F11 /* XCRemoteSwiftPackageReference "SkeletonView" */;
			productName = SkeletonView;
		};
/* End XCSwiftPackageProductDependency section */
	};
	rootObject = 1F9811CD2E66E07400658B88 /* Project object */;
}
